# This file is generated by running "yarn install" inside your project.
# Manual changes might be lost - proceed with caution!

__metadata:
  version: 4
  cacheKey: 8

"@napi-rs/triples@npm:^1.0.2":
  version: 1.0.2
  resolution: "@napi-rs/triples@npm:1.0.2"
  checksum: 7de94a641d0a71b53367a323cd15411ed228cdd9bb6ad30a5491ddbd753e3ce8500786cd264e4f47e0e9b3512934d49821f34b349c4f10765db4571c1032cee7
  languageName: node
  linkType: hard

"@node-rs/helper@npm:^1.0.0":
  version: 1.1.0
  resolution: "@node-rs/helper@npm:1.1.0"
  dependencies:
    "@napi-rs/triples": ^1.0.2
    tslib: ^2.1.0
  checksum: 5c42d1fa37642b290c8564390972e71f8040998e6db6cd2bf094d33a65fda9f577d979e4cccdee57a2cca0e5f531e765a9fd44e857c709418e1b7d7c7b32184f
  languageName: node
  linkType: hard

"@swc/core-android-arm64@npm:^1.2.57":
  version: 1.2.57
  resolution: "@swc/core-android-arm64@npm:1.2.57"
  checksum: 369baa01da9cae546a03aa77e34e1e012c617258266e9b692290aad6f1c32df53a0362bd02b44eb6a0105a4f4d7e905a957c2177a604c1720000c7de30b9e9e3
  languageName: node
  linkType: hard

"@swc/core-darwin-arm64@npm:^1.2.57":
  version: 1.2.57
  resolution: "@swc/core-darwin-arm64@npm:1.2.57"
  checksum: 47277e080fa2d97803be9c17c93ff4db2dfec9b298c7547f62a8d2ccce36f1fb00901f7663304934e9043d5a1032e4610c55274b146588d3ad25a10c3c15e4de
  languageName: node
  linkType: hard

"@swc/core-darwin-x64@npm:^1.2.57":
  version: 1.2.57
  resolution: "@swc/core-darwin-x64@npm:1.2.57"
  checksum: de799e14ed10d888548e33fede8e72cf5fe7c04d0158c1b6ac0f720e6574bcc665003324c295330f8a7ff9597146052555aa0d1f916708cf01538eed4e1e0e2d
  languageName: node
  linkType: hard

"@swc/core-linux-arm-gnueabihf@npm:^1.2.57":
  version: 1.2.57
  resolution: "@swc/core-linux-arm-gnueabihf@npm:1.2.57"
  checksum: dfe094e133d3314be3598650a5bd5ae337d13d1c069370d9390f6289ff5cc32959111d0637a6073a145ba873e7ef07d674f9c0ce0b3eedf9a9385ebf1eeb045f
  languageName: node
  linkType: hard

"@swc/core-linux-arm64-gnu@npm:^1.2.57":
  version: 1.2.57
  resolution: "@swc/core-linux-arm64-gnu@npm:1.2.57"
  checksum: d4f35892fa5009933f115cfaf8eba1fb408f07b0597729f986d300e52bba6561dc29e98d17b935a0a72e372ded86221b55ee1336bb17dcc5d4782ea1b0ada6c9
  languageName: node
  linkType: hard

"@swc/core-linux-x64-gnu@npm:^1.2.57":
  version: 1.2.57
  resolution: "@swc/core-linux-x64-gnu@npm:1.2.57"
  checksum: 83ac5ad30806b76249c42856fc3bf2d5d61d469b1aa754213cad82761b8fee718ec19b94da27cb3e4668008194845e032d5f7d2c4d9c3fad47ef292954b127d5
  languageName: node
  linkType: hard

"@swc/core-linux-x64-musl@npm:^1.2.57":
  version: 1.2.57
  resolution: "@swc/core-linux-x64-musl@npm:1.2.57"
  checksum: 2ef8bcb90f53409d28b95f508ae514182c84f8578e452f502f4a19dff8a30de65d9a6f79c9c1e35a5f9cd646019fa70a322f4aeb11f1f08bb83e018bd9bf7c7b
  languageName: node
  linkType: hard

"@swc/core-win32-ia32-msvc@npm:^1.2.57":
  version: 1.2.57
  resolution: "@swc/core-win32-ia32-msvc@npm:1.2.57"
  checksum: b299adef9c5cce567377f526345e6e96feecda98538664e5f7c8d6dc997f087f2678d893ec2260d811031dfba9a5c426474ec455e83d599e6ad69127c8193d7f
  languageName: node
  linkType: hard

"@swc/core-win32-x64-msvc@npm:^1.2.57":
  version: 1.2.57
  resolution: "@swc/core-win32-x64-msvc@npm:1.2.57"
  checksum: ca0253178485865528fe9c44f1a9cadb433ed4961a4010beecae9bb329cd6646423b7e1fa23db87d683494a95d91cbe0d2cb677f25e157c57273c4c47e191465
  languageName: node
  linkType: hard

"@swc/core@latest":
  version: 1.2.57
  resolution: "@swc/core@npm:1.2.57"
  dependencies:
    "@node-rs/helper": ^1.0.0
    "@swc/core-android-arm64": ^1.2.57
    "@swc/core-darwin-arm64": ^1.2.57
    "@swc/core-darwin-x64": ^1.2.57
    "@swc/core-linux-arm-gnueabihf": ^1.2.57
    "@swc/core-linux-arm64-gnu": ^1.2.57
    "@swc/core-linux-x64-gnu": ^1.2.57
    "@swc/core-linux-x64-musl": ^1.2.57
    "@swc/core-win32-ia32-msvc": ^1.2.57
    "@swc/core-win32-x64-msvc": ^1.2.57
  dependenciesMeta:
    "@swc/core-android-arm64":
      optional: true
    "@swc/core-darwin-arm64":
      optional: true
    "@swc/core-darwin-x64":
      optional: true
    "@swc/core-linux-arm-gnueabihf":
      optional: true
    "@swc/core-linux-arm64-gnu":
      optional: true
    "@swc/core-linux-x64-gnu":
      optional: true
    "@swc/core-linux-x64-musl":
      optional: true
    "@swc/core-win32-ia32-msvc":
      optional: true
    "@swc/core-win32-x64-msvc":
      optional: true
  checksum: 51eb8fa9cac42afacf8e6fd9007f36ff5edacbc5567443ec4ed826cfeb67de22844e6725581b6572f1d1f769c9063d673aa5edd100c099e7518bea76f8f7a8ac
  languageName: node
  linkType: hard

"@tsconfig/node10@npm:^1.0.7":
  version: 1.0.7
  resolution: "@tsconfig/node10@npm:1.0.7"
  checksum: 54c3d90a93c7f0c04a4781403f4ec68f263968380d20e474ef615cec5eacac433b20081c68a084b13cc396bb2d1a1e1ee717592cbe02611b407654c4c50e0178
  languageName: node
  linkType: hard

"@tsconfig/node12@npm:^1.0.7":
  version: 1.0.7
  resolution: "@tsconfig/node12@npm:1.0.7"
  checksum: e58704bf5132ca95e39935bbb1825e81ca40e12ec6be5446c54b9e612b5b8c16e81a5ab0e706f8c74883210adf25e4d34115dc38457991aefea37003a72ecad8
  languageName: node
  linkType: hard

"@tsconfig/node14@npm:^1.0.0":
  version: 1.0.0
  resolution: "@tsconfig/node14@npm:1.0.0"
  checksum: a6e564b91e588bc05d37e2689e009ccd12743f6e1a2532ca7d20ca5e80b4d3b5b324b03e477497f2ebf2311901a369095a36c1c3cf744da7f35486923672c1f0
  languageName: node
  linkType: hard

"@tsconfig/node16@npm:^1.0.1":
  version: 1.0.1
  resolution: "@tsconfig/node16@npm:1.0.1"
  checksum: 5fdfd91e48dc1f406cb59d19fd450a594ea6279f3be54a50bd6fd6b8d189a53bb930f2e7d496cbc3bb45fbb23f0ce5c69086f90c796ce8441cbd2a26fb738fd5
  languageName: node
  linkType: hard

"@types/js-yaml@npm:^4.0.0":
  version: 4.0.1
  resolution: "@types/js-yaml@npm:4.0.1"
  checksum: c1bc8a72272197d4dfb04c6b043346eff618be760116371b3d20b9e069e78b6964c58bcc75d5868afaa98055e1817ef3f6b57e76462c44f1f6edf54b784fe01d
  languageName: node
  linkType: hard

"arg@npm:^4.1.0":
  version: 4.1.3
  resolution: "arg@npm:4.1.3"
  checksum: 544af8dd3f60546d3e4aff084d451b96961d2267d668670199692f8d054f0415d86fc5497d0e641e91546f0aa920e7c29e5250e99fc89f5552a34b5d93b77f43
  languageName: node
  linkType: hard

"argparse@npm:^2.0.1":
  version: 2.0.1
  resolution: "argparse@npm:2.0.1"
  checksum: 83644b56493e89a254bae05702abf3a1101b4fa4d0ca31df1c9985275a5a5bd47b3c27b7fa0b71098d41114d8ca000e6ed90cad764b306f8a503665e4d517ced
  languageName: node
  linkType: hard

"buffer-from@npm:^1.0.0":
  version: 1.1.1
  resolution: "buffer-from@npm:1.1.1"
  checksum: ccc53b69736008bff764497367c4d24879ba7122bc619ee499ff47eef3a5b885ca496e87272e7ebffa0bec3804c83f84041c616f6e3318f40624e27c1d80f045
  languageName: node
  linkType: hard

"create-require@npm:^1.1.0":
  version: 1.1.1
  resolution: "create-require@npm:1.1.1"
  checksum: a9a1503d4390d8b59ad86f4607de7870b39cad43d929813599a23714831e81c520bddf61bcdd1f8e30f05fd3a2b71ae8538e946eb2786dc65c2bbc520f692eff
  languageName: node
  linkType: hard

"diff@npm:^4.0.1":
  version: 4.0.2
  resolution: "diff@npm:4.0.2"
  checksum: f2c09b0ce4e6b301c221addd83bf3f454c0bc00caa3dd837cf6c127d6edf7223aa2bbe3b688feea110b7f262adbfc845b757c44c8a9f8c0c5b15d8fa9ce9d20d
  languageName: node
  linkType: hard

"js-yaml@npm:^4.0.0":
  version: 4.1.0
  resolution: "js-yaml@npm:4.1.0"
  dependencies:
    argparse: ^2.0.1
  bin:
    js-yaml: bin/js-yaml.js
  checksum: c7830dfd456c3ef2c6e355cc5a92e6700ceafa1d14bba54497b34a99f0376cecbb3e9ac14d3e5849b426d5a5140709a66237a8c991c675431271c4ce5504151a
  languageName: node
  linkType: hard

"make-error@npm:^1.1.1":
  version: 1.3.6
  resolution: "make-error@npm:1.3.6"
  checksum: b86e5e0e25f7f777b77fabd8e2cbf15737972869d852a22b7e73c17623928fccb826d8e46b9951501d3f20e51ad74ba8c59ed584f610526a48f8ccf88aaec402
  languageName: node
  linkType: hard

"root-workspace-0b6124@workspace:.":
  version: 0.0.0-use.local
  resolution: "root-workspace-0b6124@workspace:."
  dependencies:
    "@swc/core": latest
    ts-node: "TypeStrong/ts-node#main"
    typescript: latest
  languageName: unknown
  linkType: soft

"source-map-support@npm:^0.5.17":
  version: 0.5.19
  resolution: "source-map-support@npm:0.5.19"
  dependencies:
    buffer-from: ^1.0.0
    source-map: ^0.6.0
  checksum: c72802fdba9cb62b92baef18cc14cc4047608b77f0353e6c36dd993444149a466a2845332c5540d4a6630957254f0f68f4ef5a0120c33d2e83974c51a05afbac
  languageName: node
  linkType: hard

"source-map@npm:^0.6.0":
  version: 0.6.1
  resolution: "source-map@npm:0.6.1"
  checksum: 59ce8640cf3f3124f64ac289012c2b8bd377c238e316fb323ea22fbfe83da07d81e000071d7242cad7a23cd91c7de98e4df8830ec3f133cb6133a5f6e9f67bc2
  languageName: node
  linkType: hard

"ts-node@TypeStrong/ts-node#main":
  version: 9.1.1
  resolution: "ts-node@https://github.com/TypeStrong/ts-node.git#commit=5a8b2032bf60878ffefa441a8d90f6c112cc3d00"
  dependencies:
    "@tsconfig/node10": ^1.0.7
    "@tsconfig/node12": ^1.0.7
    "@tsconfig/node14": ^1.0.0
    "@tsconfig/node16": ^1.0.1
    "@types/js-yaml": ^4.0.0
    arg: ^4.1.0
    create-require: ^1.1.0
    diff: ^4.0.1
    js-yaml: ^4.0.0
    make-error: ^1.1.1
    source-map-support: ^0.5.17
    yn: 3.1.1
  peerDependencies:
    "@swc/core": ">=1.2.45"
    "@swc/wasm": ">=1.2.45"
    "@types/node": "*"
    typescript: ">=2.7"
  peerDependenciesMeta:
    "@swc/core":
      optional: true
    "@swc/wasm":
      optional: true
  bin:
    ts-node: dist/bin.js
    ts-node-cwd: dist/bin-cwd.js
    ts-node-script: dist/bin-script.js
    ts-node-transpile-only: dist/bin-transpile.js
    ts-script: dist/bin-script-deprecated.js
  checksum: 85b5271fdaef99c0c7dca4211164990c0462cf93c20a5d83fcffdc87a57b37664da162394eb66ab94b61046d420046c58f75e9e027119bdee705291c59756fb0
  languageName: node
  linkType: hard

"tslib@npm:^2.1.0":
  version: 2.2.0
  resolution: "tslib@npm:2.2.0"
  checksum: a48c9639f7496fa701ea8ffe0561070fcb44c104a59632f7f845c0af00825c99b6373575ec59b2b5cdbfd7505875086dbe5dc83312304d8979f22ce571218ca3
  languageName: node
  linkType: hard

typescript@latest:
  version: 4.2.4
  resolution: "typescript@npm:4.2.4"
  bin:
    tsc: bin/tsc
    tsserver: bin/tsserver
  checksum: 89c397df192f239359ad798b96d8e8d552e12c0c189ac5676cec4c20c410d6eec636b8e59a88f2aef0a56d961a9678d99c400099be9b7cae2f7b062eb4b7b171
  languageName: node
  linkType: hard

"typescript@patch:typescript@latest#~builtin<compat/typescript>":
  version: 4.2.4
  resolution: "typescript@patch:typescript@npm%3A4.2.4#~builtin<compat/typescript>::version=4.2.4&hash=34ad7d"
  bin:
    tsc: bin/tsc
    tsserver: bin/tsserver
  checksum: 083de437033ea11e57b0c66305a2c1d6d05e9383e57de2af405b0833ab68bd96d82d1f4f317fac06f3420410a006244648cf70278f58b3b4d55632dc7aeb8d4a
  languageName: node
  linkType: hard

"yn@npm:3.1.1":
  version: 3.1.1
  resolution: "yn@npm:3.1.1"
  checksum: 2c487b0e149e746ef48cda9f8bad10fc83693cd69d7f9dcd8be4214e985de33a29c9e24f3c0d6bcf2288427040a8947406ab27f7af67ee9456e6b84854f02dd6
  languageName: node
  linkType: hard
